Microsoft Visual Studio Solution File, Format Version 12.00
# Visual Studio Version 17
VisualStudioVersion = 17.5.2.0
MinimumVisualStudioVersion = 10.0.40219.1
Project("{FAE04EC0-301F-11D3-BF4B-00C04F79EFBC}") = "Final Kontrol", "Final Kontrol.csproj", "{D30CEF58-2960-A613-C056-EC543C00EF9D}"
EndProject
Global
	GlobalSection(SolutionConfigurationPlatforms) = preSolution
		Debug|Any CPU = Debug|Any CPU
		Release|Any CPU = Release|Any CPU
	EndGlobalSection
	GlobalSection(ProjectConfigurationPlatforms) = postSolution
		{D30CEF58-2960-A613-C056-EC543C00EF9D}.Debug|Any CPU.ActiveCfg = Debug|Any CPU
		{D30CEF58-2960-A613-C056-EC543C00EF9D}.Debug|Any CPU.Build.0 = Debug|Any CPU
		{D30CEF58-2960-A613-C056-EC543C00EF9D}.Release|Any CPU.ActiveCfg = Release|Any CPU
		{D30CEF58-2960-A613-C056-EC543C00EF9D}.Release|Any CPU.Build.0 = Release|Any CPU
	EndGlobalSection
	GlobalSection(SolutionProperties) = preSolution
		HideSolutionNode = FALSE
	EndGlobalSection
	GlobalSection(ExtensibilityGlobals) = postSolution
		SolutionGuid = {36E43D58-21B1-456A-A068-79B7836CF109}
	EndGlobalSection
EndGlobal
